{
  "version": 4,
  "terraform_version": "1.6.4",
  "serial": 144,
  "lineage": "35aff0c1-eb6e-decd-407e-ecdb139e4408",
  "outputs": {
    "hello_world": {
      "value": "hello world",
      "type": "string"
    },
    "public_url": {
      "value": "https://10.0.101.136:8080/index.html",
      "type": "string"
    },
    "vpc_id": {
      "value": "vpc-0681e716cdf8f7271",
      "type": "string"
    },
    "vpc_information": {
      "value": "Your demo_environment VPC has an ID: vpc-0681e716cdf8f7271",
      "type": "string"
    }
  },
  "resources": [
    {
      "mode": "data",
      "type": "aws_ami",
      "name": "ubuntu",
      "provider": "provider[\"registry.terraform.io/hashicorp/aws\"]",
      "instances": [
        {
          "schema_version": 0,
          "attributes": {
            "architecture": "x86_64",
            "arn": "arn:aws:ec2:us-east-1::image/ami-027a754129abb5386",
            "block_device_mappings": [
              {
                "device_name": "/dev/sda1",
                "ebs": {
                  "delete_on_termination": "true",
                  "encrypted": "false",
                  "iops": "0",
                  "snapshot_id": "snap-0a5f4f04d020b4bfb",
                  "throughput": "0",
                  "volume_size": "8",
                  "volume_type": "gp2"
                },
                "no_device": "",
                "virtual_name": ""
              },
              {
                "device_name": "/dev/sdb",
                "ebs": {},
                "no_device": "",
                "virtual_name": "ephemeral0"
              },
              {
                "device_name": "/dev/sdc",
                "ebs": {},
                "no_device": "",
                "virtual_name": "ephemeral1"
              }
            ],
            "boot_mode": "legacy-bios",
            "creation_date": "2023-12-08T23:22:13.000Z",
            "deprecation_time": "2025-12-08T23:22:13.000Z",
            "description": "Canonical, Ubuntu, 20.04 LTS, amd64 focal image build on 2023-12-08",
            "ena_support": true,
            "executable_users": null,
            "filter": [
              {
                "name": "name",
                "values": [
                  "ubuntu/images/hvm-ssd/ubuntu-focal-20.04-amd64-server-*"
                ]
              }
            ],
            "hypervisor": "xen",
            "id": "ami-027a754129abb5386",
            "image_id": "ami-027a754129abb5386",
            "image_location": "amazon/ubuntu/images/hvm-ssd/ubuntu-focal-20.04-amd64-server-20231208",
            "image_owner_alias": "amazon",
            "image_type": "machine",
            "imds_support": "",
            "include_deprecated": false,
            "kernel_id": "",
            "most_recent": true,
            "name": "ubuntu/images/hvm-ssd/ubuntu-focal-20.04-amd64-server-20231208",
            "name_regex": null,
            "owner_id": "099720109477",
            "owners": [
              "099720109477"
            ],
            "platform": "",
            "platform_details": "Linux/UNIX",
            "product_codes": [],
            "public": true,
            "ramdisk_id": "",
            "root_device_name": "/dev/sda1",
            "root_device_type": "ebs",
            "root_snapshot_id": "snap-0a5f4f04d020b4bfb",
            "sriov_net_support": "simple",
            "state": "available",
            "state_reason": {
              "code": "UNSET",
              "message": "UNSET"
            },
            "tags": {},
            "timeouts": null,
            "tpm_support": "",
            "usage_operation": "RunInstances",
            "virtualization_type": "hvm"
          },
          "sensitive_attributes": []
        }
      ]
    },
    {
      "mode": "data",
      "type": "aws_availability_zones",
      "name": "available",
      "provider": "provider[\"registry.terraform.io/hashicorp/aws\"]",
      "instances": [
        {
          "schema_version": 0,
          "attributes": {
            "all_availability_zones": null,
            "exclude_names": null,
            "exclude_zone_ids": null,
            "filter": null,
            "group_names": [
              "us-east-1"
            ],
            "id": "us-east-1",
            "names": [
              "us-east-1a",
              "us-east-1b",
              "us-east-1c",
              "us-east-1d",
              "us-east-1e",
              "us-east-1f"
            ],
            "state": null,
            "timeouts": null,
            "zone_ids": [
              "use1-az1",
              "use1-az2",
              "use1-az4",
              "use1-az6",
              "use1-az3",
              "use1-az5"
            ]
          },
          "sensitive_attributes": []
        }
      ]
    },
    {
      "mode": "data",
      "type": "aws_region",
      "name": "current",
      "provider": "provider[\"registry.terraform.io/hashicorp/aws\"]",
      "instances": [
        {
          "schema_version": 0,
          "attributes": {
            "description": "US East (N. Virginia)",
            "endpoint": "ec2.us-east-1.amazonaws.com",
            "id": "us-east-1",
            "name": "us-east-1"
          },
          "sensitive_attributes": []
        }
      ]
    },
    {
      "mode": "managed",
      "type": "aws_eip",
      "name": "nat_gateway_eip",
      "provider": "provider[\"registry.terraform.io/hashicorp/aws\"]",
      "instances": [
        {
          "schema_version": 0,
          "attributes": {
            "address": null,
            "allocation_id": "eipalloc-0b119115ef4d0bc5e",
            "associate_with_private_ip": null,
            "association_id": "eipassoc-076c79576755e57a3",
            "carrier_ip": "",
            "customer_owned_ip": "",
            "customer_owned_ipv4_pool": "",
            "domain": "vpc",
            "id": "eipalloc-0b119115ef4d0bc5e",
            "instance": "",
            "network_border_group": "us-east-1",
            "network_interface": "eni-0269a537bdf5bed64",
            "private_dns": "ip-10-0-101-89.ec2.internal",
            "private_ip": "10.0.101.89",
            "public_dns": "ec2-3-222-53-9.compute-1.amazonaws.com",
            "public_ip": "3.222.53.9",
            "public_ipv4_pool": "amazon",
            "tags": {
              "Name": "demo_igw_eip"
            },
            "tags_all": {
              "Name": "demo_igw_eip"
            },
            "timeouts": null,
            "vpc": true
          },
          "sensitive_attributes": [],
          "private": "eyJlMmJmYjczMC1lY2FhLTExZTYtOGY4OC0zNDM2M2JjN2M0YzAiOnsiZGVsZXRlIjoxODAwMDAwMDAwMDAsInJlYWQiOjkwMDAwMDAwMDAwMCwidXBkYXRlIjozMDAwMDAwMDAwMDB9fQ==",
          "dependencies": [
            "aws_internet_gateway.internet_gateway",
            "aws_vpc.vpc",
            "data.aws_region.current"
          ]
        }
      ]
    },
    {
      "mode": "managed",
      "type": "aws_instance",
      "name": "webserver",
      "provider": "provider[\"registry.terraform.io/hashicorp/aws\"]",
      "instances": [
        {
          "schema_version": 1,
          "attributes": {
            "ami": "ami-027a754129abb5386",
            "arn": "arn:aws:ec2:us-east-1:851725547273:instance/i-048f1fd6aa2b0a792",
            "associate_public_ip_address": true,
            "availability_zone": "us-east-1b",
            "capacity_reservation_specification": [
              {
                "capacity_reservation_preference": "open",
                "capacity_reservation_target": []
              }
            ],
            "cpu_core_count": 1,
            "cpu_options": [
              {
                "amd_sev_snp": "",
                "core_count": 1,
                "threads_per_core": 1
              }
            ],
            "cpu_threads_per_core": 1,
            "credit_specification": [
              {
                "cpu_credits": "standard"
              }
            ],
            "disable_api_stop": false,
            "disable_api_termination": false,
            "ebs_block_device": [],
            "ebs_optimized": false,
            "enclave_options": [
              {
                "enabled": false
              }
            ],
            "ephemeral_block_device": [],
            "get_password_data": false,
            "hibernation": false,
            "host_id": "",
            "host_resource_group_arn": null,
            "iam_instance_profile": "",
            "id": "i-048f1fd6aa2b0a792",
            "instance_initiated_shutdown_behavior": "stop",
            "instance_lifecycle": "",
            "instance_market_options": [],
            "instance_state": "running",
            "instance_type": "t2.micro",
            "ipv6_address_count": 0,
            "ipv6_addresses": [],
            "key_name": "MyAWSKey",
            "launch_template": [],
            "maintenance_options": [
              {
                "auto_recovery": "default"
              }
            ],
            "metadata_options": [
              {
                "http_endpoint": "enabled",
                "http_protocol_ipv6": "disabled",
                "http_put_response_hop_limit": 1,
                "http_tokens": "optional",
                "instance_metadata_tags": "disabled"
              }
            ],
            "monitoring": false,
            "network_interface": [],
            "outpost_arn": "",
            "password_data": "",
            "placement_group": "",
            "placement_partition_number": 0,
            "primary_network_interface_id": "eni-0b144bf1963653a6e",
            "private_dns": "ip-10-0-101-136.ec2.internal",
            "private_dns_name_options": [
              {
                "enable_resource_name_dns_a_record": false,
                "enable_resource_name_dns_aaaa_record": false,
                "hostname_type": "ip-name"
              }
            ],
            "private_ip": "10.0.101.136",
            "public_dns": "",
            "public_ip": "18.212.60.67",
            "root_block_device": [
              {
                "delete_on_termination": true,
                "device_name": "/dev/sda1",
                "encrypted": false,
                "iops": 100,
                "kms_key_id": "",
                "tags": {},
                "throughput": 0,
                "volume_id": "vol-0c83a98cb9e1c5fcc",
                "volume_size": 8,
                "volume_type": "gp2"
              }
            ],
            "secondary_private_ips": [],
            "security_groups": [
              "sg-09621e41eee7424f8",
              "sg-0e300929635f0fd7d"
            ],
            "source_dest_check": true,
            "spot_instance_request_id": "",
            "subnet_id": "subnet-06ad71bb9595edc0d",
            "tags": {
              "Application": "jetbinder",
              "Name": "ec2-dev-api-us-east-1a",
              "Team": "api_mgmt_dev"
            },
            "tags_all": {
              "Application": "jetbinder",
              "Name": "ec2-dev-api-us-east-1a",
              "Team": "api_mgmt_dev"
            },
            "tenancy": "default",
            "timeouts": null,
            "user_data": null,
            "user_data_base64": null,
            "user_data_replace_on_change": false,
            "volume_tags": null,
            "vpc_security_group_ids": [
              "sg-09621e41eee7424f8",
              "sg-0e300929635f0fd7d"
            ]
          },
          "sensitive_attributes": [],
          "private": "eyJlMmJmYjczMC1lY2FhLTExZTYtOGY4OC0zNDM2M2JjN2M0YzAiOnsiY3JlYXRlIjo2MDAwMDAwMDAwMDAsImRlbGV0ZSI6MTIwMDAwMDAwMDAwMCwidXBkYXRlIjo2MDAwMDAwMDAwMDB9LCJzY2hlbWFfdmVyc2lvbiI6IjEifQ==",
          "dependencies": [
            "aws_key_pair.tls_generated_key",
            "aws_security_group.ingress_ssh",
            "aws_security_group.vpc_web",
            "aws_subnet.public_subnets",
            "aws_vpc.vpc",
            "data.aws_ami.ubuntu",
            "data.aws_availability_zones.available",
            "data.aws_region.current",
            "tls_private_key.tls_key"
          ]
        }
      ]
    },
    {
      "mode": "managed",
      "type": "aws_internet_gateway",
      "name": "internet_gateway",
      "provider": "provider[\"registry.terraform.io/hashicorp/aws\"]",
      "instances": [
        {
          "schema_version": 0,
          "attributes": {
            "arn": "arn:aws:ec2:us-east-1:851725547273:internet-gateway/igw-04e3c732c93e11bf8",
            "id": "igw-04e3c732c93e11bf8",
            "owner_id": "851725547273",
            "tags": {
              "Name": "demo_igw"
            },
            "tags_all": {
              "Name": "demo_igw"
            },
            "timeouts": null,
            "vpc_id": "vpc-0681e716cdf8f7271"
          },
          "sensitive_attributes": [],
          "private": "eyJlMmJmYjczMC1lY2FhLTExZTYtOGY4OC0zNDM2M2JjN2M0YzAiOnsiY3JlYXRlIjoxMjAwMDAwMDAwMDAwLCJkZWxldGUiOjEyMDAwMDAwMDAwMDAsInVwZGF0ZSI6MTIwMDAwMDAwMDAwMH19",
          "dependencies": [
            "aws_vpc.vpc",
            "data.aws_region.current"
          ]
        }
      ]
    },
    {
      "mode": "managed",
      "type": "aws_key_pair",
      "name": "tls_generated_key",
      "provider": "provider[\"registry.terraform.io/hashicorp/aws\"]",
      "instances": [
        {
          "schema_version": 1,
          "attributes": {
            "arn": "arn:aws:ec2:us-east-1:851725547273:key-pair/MyAWSKey",
            "fingerprint": "29:4c:25:e3:c8:ae:5d:81:05:2f:98:5c:03:7d:ab:26",
            "id": "MyAWSKey",
            "key_name": "MyAWSKey",
            "key_name_prefix": "",
            "key_pair_id": "key-01a6d047e3773a95c",
            "key_type": "rsa",
            "public_key": "ssh-rsa AAAAB3NzaC1yc2EAAAADAQABAAABAQDvjL7bfkTQet4S1Nn2J9HPhlnaoAjDYAm2l+EVvXRVXrab56T4XYkhR0icHFAAxbPNvOXncQV/epl2kNW2IaLcnXDDap4DR+sKlZ5OyV0zrdE78glLSooe/LtxzA2cexSaLKN34/PPFzrKIMxHn8GjVkOwuB5XSjsbPClT25HCvdH2kvioutZ0t3DhhyrU4jKEt8hARSblTqpDeh8c2UzD2rsftBx1J09kgXmS2t+Z9QkRT8+f+pkF2FlXdm4KsZLd5npHE2fWfbjrZcxGDvNa8FAnu8VnOWInMzlw6AzTawxBclu8RuipLoUMizadeF/Nblct4WGuM1wPZliQRzbf",
            "tags": {},
            "tags_all": {}
          },
          "sensitive_attributes": [],
          "private": "eyJzY2hlbWFfdmVyc2lvbiI6IjEifQ==",
          "dependencies": [
            "tls_private_key.tls_key"
          ]
        }
      ]
    },
    {
      "mode": "managed",
      "type": "aws_nat_gateway",
      "name": "nat_gateway",
      "provider": "provider[\"registry.terraform.io/hashicorp/aws\"]",
      "instances": [
        {
          "schema_version": 0,
          "attributes": {
            "allocation_id": "eipalloc-0b119115ef4d0bc5e",
            "association_id": "eipassoc-076c79576755e57a3",
            "connectivity_type": "public",
            "id": "nat-0c252e2a11d9cda4e",
            "network_interface_id": "eni-0269a537bdf5bed64",
            "private_ip": "10.0.101.89",
            "public_ip": "3.222.53.9",
            "secondary_allocation_ids": [],
            "secondary_private_ip_address_count": 0,
            "secondary_private_ip_addresses": [],
            "subnet_id": "subnet-06ad71bb9595edc0d",
            "tags": {
              "Name": "demo-nat-gateway"
            },
            "tags_all": {
              "Name": "demo-nat-gateway"
            },
            "timeouts": null
          },
          "sensitive_attributes": [],
          "private": "eyJlMmJmYjczMC1lY2FhLTExZTYtOGY4OC0zNDM2M2JjN2M0YzAiOnsiY3JlYXRlIjo2MDAwMDAwMDAwMDAsImRlbGV0ZSI6MTgwMDAwMDAwMDAwMCwidXBkYXRlIjo2MDAwMDAwMDAwMDB9fQ==",
          "dependencies": [
            "aws_eip.nat_gateway_eip",
            "aws_internet_gateway.internet_gateway",
            "aws_subnet.public_subnets",
            "aws_vpc.vpc",
            "data.aws_availability_zones.available",
            "data.aws_region.current"
          ]
        }
      ]
    },
    {
      "mode": "managed",
      "type": "aws_route_table",
      "name": "private_route_table",
      "provider": "provider[\"registry.terraform.io/hashicorp/aws\"]",
      "instances": [
        {
          "schema_version": 0,
          "attributes": {
            "arn": "arn:aws:ec2:us-east-1:851725547273:route-table/rtb-0c30881e5d666989b",
            "id": "rtb-0c30881e5d666989b",
            "owner_id": "851725547273",
            "propagating_vgws": [],
            "route": [
              {
                "carrier_gateway_id": "",
                "cidr_block": "0.0.0.0/0",
                "core_network_arn": "",
                "destination_prefix_list_id": "",
                "egress_only_gateway_id": "",
                "gateway_id": "",
                "ipv6_cidr_block": "",
                "local_gateway_id": "",
                "nat_gateway_id": "nat-0c252e2a11d9cda4e",
                "network_interface_id": "",
                "transit_gateway_id": "",
                "vpc_endpoint_id": "",
                "vpc_peering_connection_id": ""
              }
            ],
            "tags": {
              "Name": "demo_private_rtb",
              "Terraform": "true"
            },
            "tags_all": {
              "Name": "demo_private_rtb",
              "Terraform": "true"
            },
            "timeouts": null,
            "vpc_id": "vpc-0681e716cdf8f7271"
          },
          "sensitive_attributes": [],
          "private": "eyJlMmJmYjczMC1lY2FhLTExZTYtOGY4OC0zNDM2M2JjN2M0YzAiOnsiY3JlYXRlIjozMDAwMDAwMDAwMDAsImRlbGV0ZSI6MzAwMDAwMDAwMDAwLCJ1cGRhdGUiOjEyMDAwMDAwMDAwMH19",
          "dependencies": [
            "aws_eip.nat_gateway_eip",
            "aws_internet_gateway.internet_gateway",
            "aws_nat_gateway.nat_gateway",
            "aws_subnet.public_subnets",
            "aws_vpc.vpc",
            "data.aws_availability_zones.available",
            "data.aws_region.current"
          ]
        }
      ]
    },
    {
      "mode": "managed",
      "type": "aws_route_table",
      "name": "public_route_table",
      "provider": "provider[\"registry.terraform.io/hashicorp/aws\"]",
      "instances": [
        {
          "schema_version": 0,
          "attributes": {
            "arn": "arn:aws:ec2:us-east-1:851725547273:route-table/rtb-04d57207aa63634df",
            "id": "rtb-04d57207aa63634df",
            "owner_id": "851725547273",
            "propagating_vgws": [],
            "route": [
              {
                "carrier_gateway_id": "",
                "cidr_block": "0.0.0.0/0",
                "core_network_arn": "",
                "destination_prefix_list_id": "",
                "egress_only_gateway_id": "",
                "gateway_id": "igw-04e3c732c93e11bf8",
                "ipv6_cidr_block": "",
                "local_gateway_id": "",
                "nat_gateway_id": "",
                "network_interface_id": "",
                "transit_gateway_id": "",
                "vpc_endpoint_id": "",
                "vpc_peering_connection_id": ""
              }
            ],
            "tags": {
              "Name": "demo_public_rtb",
              "Terraform": "true"
            },
            "tags_all": {
              "Name": "demo_public_rtb",
              "Terraform": "true"
            },
            "timeouts": null,
            "vpc_id": "vpc-0681e716cdf8f7271"
          },
          "sensitive_attributes": [],
          "private": "eyJlMmJmYjczMC1lY2FhLTExZTYtOGY4OC0zNDM2M2JjN2M0YzAiOnsiY3JlYXRlIjozMDAwMDAwMDAwMDAsImRlbGV0ZSI6MzAwMDAwMDAwMDAwLCJ1cGRhdGUiOjEyMDAwMDAwMDAwMH19",
          "dependencies": [
            "aws_internet_gateway.internet_gateway",
            "aws_vpc.vpc",
            "data.aws_region.current"
          ]
        }
      ]
    },
    {
      "mode": "managed",
      "type": "aws_route_table_association",
      "name": "private",
      "provider": "provider[\"registry.terraform.io/hashicorp/aws\"]",
      "instances": [
        {
          "index_key": "private_subnet_1",
          "schema_version": 0,
          "attributes": {
            "gateway_id": "",
            "id": "rtbassoc-0e3de67162ea35709",
            "route_table_id": "rtb-0c30881e5d666989b",
            "subnet_id": "subnet-0ab642551bcacb5dc",
            "timeouts": null
          },
          "sensitive_attributes": [],
          "private": "eyJlMmJmYjczMC1lY2FhLTExZTYtOGY4OC0zNDM2M2JjN2M0YzAiOnsiY3JlYXRlIjozMDAwMDAwMDAwMDAsImRlbGV0ZSI6MzAwMDAwMDAwMDAwLCJ1cGRhdGUiOjEyMDAwMDAwMDAwMH19",
          "dependencies": [
            "aws_eip.nat_gateway_eip",
            "aws_internet_gateway.internet_gateway",
            "aws_nat_gateway.nat_gateway",
            "aws_route_table.private_route_table",
            "aws_subnet.private_subnets",
            "aws_subnet.public_subnets",
            "aws_vpc.vpc",
            "data.aws_availability_zones.available",
            "data.aws_region.current"
          ]
        },
        {
          "index_key": "private_subnet_2",
          "schema_version": 0,
          "attributes": {
            "gateway_id": "",
            "id": "rtbassoc-06c501f7df301786c",
            "route_table_id": "rtb-0c30881e5d666989b",
            "subnet_id": "subnet-07572fd81711445bf",
            "timeouts": null
          },
          "sensitive_attributes": [],
          "private": "eyJlMmJmYjczMC1lY2FhLTExZTYtOGY4OC0zNDM2M2JjN2M0YzAiOnsiY3JlYXRlIjozMDAwMDAwMDAwMDAsImRlbGV0ZSI6MzAwMDAwMDAwMDAwLCJ1cGRhdGUiOjEyMDAwMDAwMDAwMH19",
          "dependencies": [
            "aws_eip.nat_gateway_eip",
            "aws_internet_gateway.internet_gateway",
            "aws_nat_gateway.nat_gateway",
            "aws_route_table.private_route_table",
            "aws_subnet.private_subnets",
            "aws_subnet.public_subnets",
            "aws_vpc.vpc",
            "data.aws_availability_zones.available",
            "data.aws_region.current"
          ]
        },
        {
          "index_key": "private_subnet_3",
          "schema_version": 0,
          "attributes": {
            "gateway_id": "",
            "id": "rtbassoc-0239a51ce9cc3b75d",
            "route_table_id": "rtb-0c30881e5d666989b",
            "subnet_id": "subnet-06a4b2852555386be",
            "timeouts": null
          },
          "sensitive_attributes": [],
          "private": "eyJlMmJmYjczMC1lY2FhLTExZTYtOGY4OC0zNDM2M2JjN2M0YzAiOnsiY3JlYXRlIjozMDAwMDAwMDAwMDAsImRlbGV0ZSI6MzAwMDAwMDAwMDAwLCJ1cGRhdGUiOjEyMDAwMDAwMDAwMH19",
          "dependencies": [
            "aws_eip.nat_gateway_eip",
            "aws_internet_gateway.internet_gateway",
            "aws_nat_gateway.nat_gateway",
            "aws_route_table.private_route_table",
            "aws_subnet.private_subnets",
            "aws_subnet.public_subnets",
            "aws_vpc.vpc",
            "data.aws_availability_zones.available",
            "data.aws_region.current"
          ]
        }
      ]
    },
    {
      "mode": "managed",
      "type": "aws_route_table_association",
      "name": "public",
      "provider": "provider[\"registry.terraform.io/hashicorp/aws\"]",
      "instances": [
        {
          "index_key": "public_subnet_1",
          "schema_version": 0,
          "attributes": {
            "gateway_id": "",
            "id": "rtbassoc-0f9b85c89b068d9b4",
            "route_table_id": "rtb-04d57207aa63634df",
            "subnet_id": "subnet-06ad71bb9595edc0d",
            "timeouts": null
          },
          "sensitive_attributes": [],
          "private": "eyJlMmJmYjczMC1lY2FhLTExZTYtOGY4OC0zNDM2M2JjN2M0YzAiOnsiY3JlYXRlIjozMDAwMDAwMDAwMDAsImRlbGV0ZSI6MzAwMDAwMDAwMDAwLCJ1cGRhdGUiOjEyMDAwMDAwMDAwMH19",
          "dependencies": [
            "aws_internet_gateway.internet_gateway",
            "aws_route_table.public_route_table",
            "aws_subnet.public_subnets",
            "aws_vpc.vpc",
            "data.aws_availability_zones.available",
            "data.aws_region.current"
          ]
        },
        {
          "index_key": "public_subnet_2",
          "schema_version": 0,
          "attributes": {
            "gateway_id": "",
            "id": "rtbassoc-0c8afe113891e0c42",
            "route_table_id": "rtb-04d57207aa63634df",
            "subnet_id": "subnet-0de82a7b0f0b80bd8",
            "timeouts": null
          },
          "sensitive_attributes": [],
          "private": "eyJlMmJmYjczMC1lY2FhLTExZTYtOGY4OC0zNDM2M2JjN2M0YzAiOnsiY3JlYXRlIjozMDAwMDAwMDAwMDAsImRlbGV0ZSI6MzAwMDAwMDAwMDAwLCJ1cGRhdGUiOjEyMDAwMDAwMDAwMH19",
          "dependencies": [
            "aws_internet_gateway.internet_gateway",
            "aws_route_table.public_route_table",
            "aws_subnet.public_subnets",
            "aws_vpc.vpc",
            "data.aws_availability_zones.available",
            "data.aws_region.current"
          ]
        },
        {
          "index_key": "public_subnet_3",
          "schema_version": 0,
          "attributes": {
            "gateway_id": "",
            "id": "rtbassoc-04288261b6783e152",
            "route_table_id": "rtb-04d57207aa63634df",
            "subnet_id": "subnet-0739af2d374aedc6c",
            "timeouts": null
          },
          "sensitive_attributes": [],
          "private": "eyJlMmJmYjczMC1lY2FhLTExZTYtOGY4OC0zNDM2M2JjN2M0YzAiOnsiY3JlYXRlIjozMDAwMDAwMDAwMDAsImRlbGV0ZSI6MzAwMDAwMDAwMDAwLCJ1cGRhdGUiOjEyMDAwMDAwMDAwMH19",
          "dependencies": [
            "aws_internet_gateway.internet_gateway",
            "aws_route_table.public_route_table",
            "aws_subnet.public_subnets",
            "aws_vpc.vpc",
            "data.aws_availability_zones.available",
            "data.aws_region.current"
          ]
        }
      ]
    },
    {
      "mode": "managed",
      "type": "aws_s3_bucket",
      "name": "storage_bucket",
      "provider": "provider[\"registry.terraform.io/hashicorp/aws\"]",
      "instances": [
        {
          "schema_version": 0,
          "attributes": {
            "acceleration_status": "",
            "acl": null,
            "arn": "arn:aws:s3:::my-new-terraform-test-tw",
            "bucket": "my-new-terraform-test-tw",
            "bucket_domain_name": "my-new-terraform-test-tw.s3.amazonaws.com",
            "bucket_prefix": "",
            "bucket_regional_domain_name": "my-new-terraform-test-tw.s3.us-east-1.amazonaws.com",
            "cors_rule": [],
            "force_destroy": false,
            "grant": [
              {
                "id": "33b48f2ba6165aacc084876ba79bc08dd70d5cbd8fc21aaa04df270fad4a0030",
                "permissions": [
                  "FULL_CONTROL"
                ],
                "type": "CanonicalUser",
                "uri": ""
              }
            ],
            "hosted_zone_id": "Z3AQBSTGFYJSTF",
            "id": "my-new-terraform-test-tw",
            "lifecycle_rule": [],
            "logging": [],
            "object_lock_configuration": [],
            "object_lock_enabled": false,
            "policy": "",
            "region": "us-east-1",
            "replication_configuration": [],
            "request_payer": "BucketOwner",
            "server_side_encryption_configuration": [
              {
                "rule": [
                  {
                    "apply_server_side_encryption_by_default": [
                      {
                        "kms_master_key_id": "",
                        "sse_algorithm": "AES256"
                      }
                    ],
                    "bucket_key_enabled": false
                  }
                ]
              }
            ],
            "tags": {
              "Name": "s3 bucket",
              "Purpose": "intro to resource labs"
            },
            "tags_all": {
              "Name": "s3 bucket",
              "Purpose": "intro to resource labs"
            },
            "timeouts": null,
            "versioning": [
              {
                "enabled": false,
                "mfa_delete": false
              }
            ],
            "website": [],
            "website_domain": null,
            "website_endpoint": null
          },
          "sensitive_attributes": [],
          "private": "eyJlMmJmYjczMC1lY2FhLTExZTYtOGY4OC0zNDM2M2JjN2M0YzAiOnsiY3JlYXRlIjoxMjAwMDAwMDAwMDAwLCJkZWxldGUiOjM2MDAwMDAwMDAwMDAsInJlYWQiOjEyMDAwMDAwMDAwMDAsInVwZGF0ZSI6MTIwMDAwMDAwMDAwMH19",
          "dependencies": [
            "random_id.randomness"
          ]
        }
      ]
    },
    {
      "mode": "managed",
      "type": "aws_security_group",
      "name": "ingress_ssh",
      "provider": "provider[\"registry.terraform.io/hashicorp/aws\"]",
      "instances": [
        {
          "schema_version": 1,
          "attributes": {
            "arn": "arn:aws:ec2:us-east-1:851725547273:security-group/sg-09621e41eee7424f8",
            "description": "Managed by Terraform",
            "egress": [
              {
                "cidr_blocks": [
                  "0.0.0.0/0"
                ],
                "description": "",
                "from_port": 0,
                "ipv6_cidr_blocks": [],
                "prefix_list_ids": [],
                "protocol": "-1",
                "security_groups": [],
                "self": false,
                "to_port": 0
              }
            ],
            "id": "sg-09621e41eee7424f8",
            "ingress": [
              {
                "cidr_blocks": [
                  "0.0.0.0/0"
                ],
                "description": "",
                "from_port": 22,
                "ipv6_cidr_blocks": [],
                "prefix_list_ids": [],
                "protocol": "tcp",
                "security_groups": [],
                "self": false,
                "to_port": 22
              }
            ],
            "name": "allow-all-ssh",
            "name_prefix": "",
            "owner_id": "851725547273",
            "revoke_rules_on_delete": false,
            "tags": {},
            "tags_all": {},
            "timeouts": null,
            "vpc_id": "vpc-0681e716cdf8f7271"
          },
          "sensitive_attributes": [],
          "private": "eyJlMmJmYjczMC1lY2FhLTExZTYtOGY4OC0zNDM2M2JjN2M0YzAiOnsiY3JlYXRlIjo2MDAwMDAwMDAwMDAsImRlbGV0ZSI6OTAwMDAwMDAwMDAwfSwic2NoZW1hX3ZlcnNpb24iOiIxIn0=",
          "dependencies": [
            "aws_vpc.vpc",
            "data.aws_region.current"
          ]
        }
      ]
    },
    {
      "mode": "managed",
      "type": "aws_security_group",
      "name": "security_group",
      "provider": "provider[\"registry.terraform.io/hashicorp/aws\"]",
      "instances": [
        {
          "schema_version": 1,
          "attributes": {
            "arn": "arn:aws:ec2:us-east-1:851725547273:security-group/sg-033e49cb2ebb5008e",
            "description": "Allow inbound traffic on tcp/443",
            "egress": [],
            "id": "sg-033e49cb2ebb5008e",
            "ingress": [
              {
                "cidr_blocks": [
                  "0.0.0.0/0"
                ],
                "description": "Allow 443 from the internet",
                "from_port": 443,
                "ipv6_cidr_blocks": [],
                "prefix_list_ids": [],
                "protocol": "tcp",
                "security_groups": [],
                "self": false,
                "to_port": 443
              }
            ],
            "name": "web-server-inbound",
            "name_prefix": "",
            "owner_id": "851725547273",
            "revoke_rules_on_delete": false,
            "tags": {
              "Name": "web_server_inbound",
              "Purpose": "Intro to resource block lab"
            },
            "tags_all": {
              "Name": "web_server_inbound",
              "Purpose": "Intro to resource block lab"
            },
            "timeouts": null,
            "vpc_id": "vpc-0681e716cdf8f7271"
          },
          "sensitive_attributes": [],
          "private": "eyJlMmJmYjczMC1lY2FhLTExZTYtOGY4OC0zNDM2M2JjN2M0YzAiOnsiY3JlYXRlIjo2MDAwMDAwMDAwMDAsImRlbGV0ZSI6OTAwMDAwMDAwMDAwfSwic2NoZW1hX3ZlcnNpb24iOiIxIn0=",
          "dependencies": [
            "aws_vpc.vpc",
            "data.aws_region.current"
          ]
        }
      ]
    },
    {
      "mode": "managed",
      "type": "aws_security_group",
      "name": "vpc_web",
      "provider": "provider[\"registry.terraform.io/hashicorp/aws\"]",
      "instances": [
        {
          "schema_version": 1,
          "attributes": {
            "arn": "arn:aws:ec2:us-east-1:851725547273:security-group/sg-0e300929635f0fd7d",
            "description": "Web Traffic",
            "egress": [],
            "id": "sg-0e300929635f0fd7d",
            "ingress": [
              {
                "cidr_blocks": [
                  "0.0.0.0/0"
                ],
                "description": "Allow port 80",
                "from_port": 443,
                "ipv6_cidr_blocks": [],
                "prefix_list_ids": [],
                "protocol": "tcp",
                "security_groups": [],
                "self": false,
                "to_port": 443
              },
              {
                "cidr_blocks": [
                  "0.0.0.0/0"
                ],
                "description": "Allow port 80",
                "from_port": 80,
                "ipv6_cidr_blocks": [],
                "prefix_list_ids": [],
                "protocol": "tcp",
                "security_groups": [],
                "self": false,
                "to_port": 80
              }
            ],
            "name": "vpc-web-default",
            "name_prefix": "",
            "owner_id": "851725547273",
            "revoke_rules_on_delete": false,
            "tags": {},
            "tags_all": {},
            "timeouts": null,
            "vpc_id": "vpc-0681e716cdf8f7271"
          },
          "sensitive_attributes": [],
          "private": "eyJlMmJmYjczMC1lY2FhLTExZTYtOGY4OC0zNDM2M2JjN2M0YzAiOnsiY3JlYXRlIjo2MDAwMDAwMDAwMDAsImRlbGV0ZSI6OTAwMDAwMDAwMDAwfSwic2NoZW1hX3ZlcnNpb24iOiIxIn0=",
          "dependencies": [
            "aws_vpc.vpc",
            "data.aws_region.current"
          ]
        }
      ]
    },
    {
      "mode": "managed",
      "type": "aws_subnet",
      "name": "private_subnets",
      "provider": "provider[\"registry.terraform.io/hashicorp/aws\"]",
      "instances": [
        {
          "index_key": "private_subnet_1",
          "schema_version": 1,
          "attributes": {
            "arn": "arn:aws:ec2:us-east-1:851725547273:subnet/subnet-0ab642551bcacb5dc",
            "assign_ipv6_address_on_creation": false,
            "availability_zone": "us-east-1b",
            "availability_zone_id": "use1-az2",
            "cidr_block": "10.0.1.0/24",
            "customer_owned_ipv4_pool": "",
            "enable_dns64": false,
            "enable_lni_at_device_index": 0,
            "enable_resource_name_dns_a_record_on_launch": false,
            "enable_resource_name_dns_aaaa_record_on_launch": false,
            "id": "subnet-0ab642551bcacb5dc",
            "ipv6_cidr_block": "",
            "ipv6_cidr_block_association_id": "",
            "ipv6_native": false,
            "map_customer_owned_ip_on_launch": false,
            "map_public_ip_on_launch": false,
            "outpost_arn": "",
            "owner_id": "851725547273",
            "private_dns_hostname_type_on_launch": "ip-name",
            "tags": {
              "Name": "private_subnet_1",
              "Terraform": "true"
            },
            "tags_all": {
              "Name": "private_subnet_1",
              "Terraform": "true"
            },
            "timeouts": null,
            "vpc_id": "vpc-0681e716cdf8f7271"
          },
          "sensitive_attributes": [],
          "private": "eyJlMmJmYjczMC1lY2FhLTExZTYtOGY4OC0zNDM2M2JjN2M0YzAiOnsiY3JlYXRlIjo2MDAwMDAwMDAwMDAsImRlbGV0ZSI6MTIwMDAwMDAwMDAwMH0sInNjaGVtYV92ZXJzaW9uIjoiMSJ9",
          "dependencies": [
            "aws_vpc.vpc",
            "data.aws_availability_zones.available",
            "data.aws_region.current"
          ]
        },
        {
          "index_key": "private_subnet_2",
          "schema_version": 1,
          "attributes": {
            "arn": "arn:aws:ec2:us-east-1:851725547273:subnet/subnet-07572fd81711445bf",
            "assign_ipv6_address_on_creation": false,
            "availability_zone": "us-east-1c",
            "availability_zone_id": "use1-az4",
            "cidr_block": "10.0.2.0/24",
            "customer_owned_ipv4_pool": "",
            "enable_dns64": false,
            "enable_lni_at_device_index": 0,
            "enable_resource_name_dns_a_record_on_launch": false,
            "enable_resource_name_dns_aaaa_record_on_launch": false,
            "id": "subnet-07572fd81711445bf",
            "ipv6_cidr_block": "",
            "ipv6_cidr_block_association_id": "",
            "ipv6_native": false,
            "map_customer_owned_ip_on_launch": false,
            "map_public_ip_on_launch": false,
            "outpost_arn": "",
            "owner_id": "851725547273",
            "private_dns_hostname_type_on_launch": "ip-name",
            "tags": {
              "Name": "private_subnet_2",
              "Terraform": "true"
            },
            "tags_all": {
              "Name": "private_subnet_2",
              "Terraform": "true"
            },
            "timeouts": null,
            "vpc_id": "vpc-0681e716cdf8f7271"
          },
          "sensitive_attributes": [],
          "private": "eyJlMmJmYjczMC1lY2FhLTExZTYtOGY4OC0zNDM2M2JjN2M0YzAiOnsiY3JlYXRlIjo2MDAwMDAwMDAwMDAsImRlbGV0ZSI6MTIwMDAwMDAwMDAwMH0sInNjaGVtYV92ZXJzaW9uIjoiMSJ9",
          "dependencies": [
            "aws_vpc.vpc",
            "data.aws_availability_zones.available",
            "data.aws_region.current"
          ]
        },
        {
          "index_key": "private_subnet_3",
          "schema_version": 1,
          "attributes": {
            "arn": "arn:aws:ec2:us-east-1:851725547273:subnet/subnet-06a4b2852555386be",
            "assign_ipv6_address_on_creation": false,
            "availability_zone": "us-east-1d",
            "availability_zone_id": "use1-az6",
            "cidr_block": "10.0.3.0/24",
            "customer_owned_ipv4_pool": "",
            "enable_dns64": false,
            "enable_lni_at_device_index": 0,
            "enable_resource_name_dns_a_record_on_launch": false,
            "enable_resource_name_dns_aaaa_record_on_launch": false,
            "id": "subnet-06a4b2852555386be",
            "ipv6_cidr_block": "",
            "ipv6_cidr_block_association_id": "",
            "ipv6_native": false,
            "map_customer_owned_ip_on_launch": false,
            "map_public_ip_on_launch": false,
            "outpost_arn": "",
            "owner_id": "851725547273",
            "private_dns_hostname_type_on_launch": "ip-name",
            "tags": {
              "Name": "private_subnet_3",
              "Terraform": "true"
            },
            "tags_all": {
              "Name": "private_subnet_3",
              "Terraform": "true"
            },
            "timeouts": null,
            "vpc_id": "vpc-0681e716cdf8f7271"
          },
          "sensitive_attributes": [],
          "private": "eyJlMmJmYjczMC1lY2FhLTExZTYtOGY4OC0zNDM2M2JjN2M0YzAiOnsiY3JlYXRlIjo2MDAwMDAwMDAwMDAsImRlbGV0ZSI6MTIwMDAwMDAwMDAwMH0sInNjaGVtYV92ZXJzaW9uIjoiMSJ9",
          "dependencies": [
            "aws_vpc.vpc",
            "data.aws_availability_zones.available",
            "data.aws_region.current"
          ]
        }
      ]
    },
    {
      "mode": "managed",
      "type": "aws_subnet",
      "name": "public_subnets",
      "provider": "provider[\"registry.terraform.io/hashicorp/aws\"]",
      "instances": [
        {
          "index_key": "public_subnet_1",
          "schema_version": 1,
          "attributes": {
            "arn": "arn:aws:ec2:us-east-1:851725547273:subnet/subnet-06ad71bb9595edc0d",
            "assign_ipv6_address_on_creation": false,
            "availability_zone": "us-east-1b",
            "availability_zone_id": "use1-az2",
            "cidr_block": "10.0.101.0/24",
            "customer_owned_ipv4_pool": "",
            "enable_dns64": false,
            "enable_lni_at_device_index": 0,
            "enable_resource_name_dns_a_record_on_launch": false,
            "enable_resource_name_dns_aaaa_record_on_launch": false,
            "id": "subnet-06ad71bb9595edc0d",
            "ipv6_cidr_block": "",
            "ipv6_cidr_block_association_id": "",
            "ipv6_native": false,
            "map_customer_owned_ip_on_launch": false,
            "map_public_ip_on_launch": true,
            "outpost_arn": "",
            "owner_id": "851725547273",
            "private_dns_hostname_type_on_launch": "ip-name",
            "tags": {
              "Name": "public_subnet_1",
              "Terraform": "true"
            },
            "tags_all": {
              "Name": "public_subnet_1",
              "Terraform": "true"
            },
            "timeouts": null,
            "vpc_id": "vpc-0681e716cdf8f7271"
          },
          "sensitive_attributes": [],
          "private": "eyJlMmJmYjczMC1lY2FhLTExZTYtOGY4OC0zNDM2M2JjN2M0YzAiOnsiY3JlYXRlIjo2MDAwMDAwMDAwMDAsImRlbGV0ZSI6MTIwMDAwMDAwMDAwMH0sInNjaGVtYV92ZXJzaW9uIjoiMSJ9",
          "dependencies": [
            "aws_vpc.vpc",
            "data.aws_availability_zones.available",
            "data.aws_region.current"
          ]
        },
        {
          "index_key": "public_subnet_2",
          "schema_version": 1,
          "attributes": {
            "arn": "arn:aws:ec2:us-east-1:851725547273:subnet/subnet-0de82a7b0f0b80bd8",
            "assign_ipv6_address_on_creation": false,
            "availability_zone": "us-east-1c",
            "availability_zone_id": "use1-az4",
            "cidr_block": "10.0.102.0/24",
            "customer_owned_ipv4_pool": "",
            "enable_dns64": false,
            "enable_lni_at_device_index": 0,
            "enable_resource_name_dns_a_record_on_launch": false,
            "enable_resource_name_dns_aaaa_record_on_launch": false,
            "id": "subnet-0de82a7b0f0b80bd8",
            "ipv6_cidr_block": "",
            "ipv6_cidr_block_association_id": "",
            "ipv6_native": false,
            "map_customer_owned_ip_on_launch": false,
            "map_public_ip_on_launch": true,
            "outpost_arn": "",
            "owner_id": "851725547273",
            "private_dns_hostname_type_on_launch": "ip-name",
            "tags": {
              "Name": "public_subnet_2",
              "Terraform": "true"
            },
            "tags_all": {
              "Name": "public_subnet_2",
              "Terraform": "true"
            },
            "timeouts": null,
            "vpc_id": "vpc-0681e716cdf8f7271"
          },
          "sensitive_attributes": [],
          "private": "eyJlMmJmYjczMC1lY2FhLTExZTYtOGY4OC0zNDM2M2JjN2M0YzAiOnsiY3JlYXRlIjo2MDAwMDAwMDAwMDAsImRlbGV0ZSI6MTIwMDAwMDAwMDAwMH0sInNjaGVtYV92ZXJzaW9uIjoiMSJ9",
          "dependencies": [
            "aws_vpc.vpc",
            "data.aws_availability_zones.available",
            "data.aws_region.current"
          ]
        },
        {
          "index_key": "public_subnet_3",
          "schema_version": 1,
          "attributes": {
            "arn": "arn:aws:ec2:us-east-1:851725547273:subnet/subnet-0739af2d374aedc6c",
            "assign_ipv6_address_on_creation": false,
            "availability_zone": "us-east-1d",
            "availability_zone_id": "use1-az6",
            "cidr_block": "10.0.103.0/24",
            "customer_owned_ipv4_pool": "",
            "enable_dns64": false,
            "enable_lni_at_device_index": 0,
            "enable_resource_name_dns_a_record_on_launch": false,
            "enable_resource_name_dns_aaaa_record_on_launch": false,
            "id": "subnet-0739af2d374aedc6c",
            "ipv6_cidr_block": "",
            "ipv6_cidr_block_association_id": "",
            "ipv6_native": false,
            "map_customer_owned_ip_on_launch": false,
            "map_public_ip_on_launch": true,
            "outpost_arn": "",
            "owner_id": "851725547273",
            "private_dns_hostname_type_on_launch": "ip-name",
            "tags": {
              "Name": "public_subnet_3",
              "Terraform": "true"
            },
            "tags_all": {
              "Name": "public_subnet_3",
              "Terraform": "true"
            },
            "timeouts": null,
            "vpc_id": "vpc-0681e716cdf8f7271"
          },
          "sensitive_attributes": [],
          "private": "eyJlMmJmYjczMC1lY2FhLTExZTYtOGY4OC0zNDM2M2JjN2M0YzAiOnsiY3JlYXRlIjo2MDAwMDAwMDAwMDAsImRlbGV0ZSI6MTIwMDAwMDAwMDAwMH0sInNjaGVtYV92ZXJzaW9uIjoiMSJ9",
          "dependencies": [
            "aws_vpc.vpc",
            "data.aws_availability_zones.available",
            "data.aws_region.current"
          ]
        }
      ]
    },
    {
      "mode": "managed",
      "type": "aws_subnet",
      "name": "variables_subnet",
      "provider": "provider[\"registry.terraform.io/hashicorp/aws\"]",
      "instances": [
        {
          "schema_version": 1,
          "attributes": {
            "arn": "arn:aws:ec2:us-east-1:851725547273:subnet/subnet-0d8fdeca4126718c6",
            "assign_ipv6_address_on_creation": false,
            "availability_zone": "us-east-1a",
            "availability_zone_id": "use1-az1",
            "cidr_block": "10.0.250.0/24",
            "customer_owned_ipv4_pool": "",
            "enable_dns64": false,
            "enable_lni_at_device_index": 0,
            "enable_resource_name_dns_a_record_on_launch": false,
            "enable_resource_name_dns_aaaa_record_on_launch": false,
            "id": "subnet-0d8fdeca4126718c6",
            "ipv6_cidr_block": "",
            "ipv6_cidr_block_association_id": "",
            "ipv6_native": false,
            "map_customer_owned_ip_on_launch": false,
            "map_public_ip_on_launch": true,
            "outpost_arn": "",
            "owner_id": "851725547273",
            "private_dns_hostname_type_on_launch": "ip-name",
            "tags": {
              "Name": "new-variable-subnet",
              "Terraform": "true"
            },
            "tags_all": {
              "Name": "new-variable-subnet",
              "Terraform": "true"
            },
            "timeouts": null,
            "vpc_id": "vpc-0681e716cdf8f7271"
          },
          "sensitive_attributes": [],
          "private": "eyJlMmJmYjczMC1lY2FhLTExZTYtOGY4OC0zNDM2M2JjN2M0YzAiOnsiY3JlYXRlIjo2MDAwMDAwMDAwMDAsImRlbGV0ZSI6MTIwMDAwMDAwMDAwMH0sInNjaGVtYV92ZXJzaW9uIjoiMSJ9",
          "dependencies": [
            "aws_vpc.vpc",
            "data.aws_region.current"
          ]
        }
      ]
    },
    {
      "mode": "managed",
      "type": "aws_vpc",
      "name": "vpc",
      "provider": "provider[\"registry.terraform.io/hashicorp/aws\"]",
      "instances": [
        {
          "schema_version": 1,
          "attributes": {
            "arn": "arn:aws:ec2:us-east-1:851725547273:vpc/vpc-0681e716cdf8f7271",
            "assign_generated_ipv6_cidr_block": false,
            "cidr_block": "10.0.0.0/16",
            "default_network_acl_id": "acl-01583155fcada84d5",
            "default_route_table_id": "rtb-0c395cbfec72f354f",
            "default_security_group_id": "sg-0931c72202aebf71d",
            "dhcp_options_id": "dopt-0eaeb095aea7abb3c",
            "enable_dns_hostnames": false,
            "enable_dns_support": true,
            "enable_network_address_usage_metrics": false,
            "id": "vpc-0681e716cdf8f7271",
            "instance_tenancy": "default",
            "ipv4_ipam_pool_id": null,
            "ipv4_netmask_length": null,
            "ipv6_association_id": "",
            "ipv6_cidr_block": "",
            "ipv6_cidr_block_network_border_group": "",
            "ipv6_ipam_pool_id": "",
            "ipv6_netmask_length": 0,
            "main_route_table_id": "rtb-0c395cbfec72f354f",
            "owner_id": "851725547273",
            "tags": {
              "Environment": "demo_environment",
              "Name": "demo-vpc",
              "Region": "us-east-1",
              "Terraform": "true"
            },
            "tags_all": {
              "Environment": "demo_environment",
              "Name": "demo-vpc",
              "Region": "us-east-1",
              "Terraform": "true"
            }
          },
          "sensitive_attributes": [],
          "private": "eyJzY2hlbWFfdmVyc2lvbiI6IjEifQ==",
          "dependencies": [
            "data.aws_region.current"
          ]
        }
      ]
    },
    {
      "mode": "managed",
      "type": "local_file",
      "name": "private_key_pem",
      "provider": "provider[\"registry.terraform.io/hashicorp/local\"]",
      "instances": [
        {
          "schema_version": 0,
          "attributes": {
            "content": "-----BEGIN RSA PRIVATE KEY-----\nMIIEpAIBAAKCAQEA74y+235E0HreEtTZ9ifRz4ZZ2qAIw2AJtpfhFb10VV62m+ek\n+F2JIUdInBxQAMWzzbzl53EFf3qZdpDVtiGi3J1ww2qeA0frCpWeTsldM63RO/IJ\nS0qKHvy7ccwNnHsUmiyjd+Pzzxc6yiDMR5/Bo1ZDsLgeV0o7GzwpU9uRwr3R9pL4\nqLrWdLdw4Ycq1OIyhLfIQEUm5U6qQ3ofHNlMw9q7H7QcdSdPZIF5ktrfmfUJEU/P\nn/qZBdhZV3ZuCrGS3eZ6RxNn1n2462XMRg7zWvBQJ7vFZzliJzM5cOgM02sMQXJb\nvEboqS6FDIs2nXhfzW5XLeFhrjNcD2ZYkEc23wIDAQABAoIBACol3nLqLZts8uPn\nVY5NBUp5PhgMbl5J6Iua/3x+wBhBOOoHgOw+MOGNFEZ7aMwp/O/nG6B0L151qMjG\nxQNtuaUNgoivmqvDHKTZHGiKX363R4g/lskLjW/UUfq8x2xP75kM35o5nm1CjhKA\nYND9V+mwROq0CoqbQfkRxce+a1ATFNOr4PUAut/euyq1NSbcops3/TOKfJ1t8wWd\n6goYzpqt+GphD8fb6f1kmFl9l6n1G68UhSduGlwKsoCfTkphXrZvu5w+TVv1KgBn\nvaDhi/WBHmOG1MzBhs4UECinbU2kCZ3S1Yu7tEiMULYheJl3lXpS85cBSBEgHXsK\n1Ff7GsECgYEA8oMiG8nxBZPWUKlc6HSDGm0Tx3GLt5DvoBhrUjOaXfNsSAilnkIB\ntxGSn6FtBMzSRxfmfRn7hJawANQuXtsL2SmWpzgSF1A+y5hrwvyAS8iFdsCCGvyZ\nouyufiD/Uzn4w6cC9+vUxd0yGwpYcPi70iPdhgEkdUC6cK6bXrozT+ECgYEA/N9u\n5Sdkg/BGAak6AL+puTsJvbn5K6mnsZLTqh8ynjED7UyHPaQXGeHfVqqhn8GvYw+K\nkwS8gO1p3v/gvNl4dJjLe60IsbFIL48xDLb1wnp7orUwu88e7JgTlwq9aWhllDNp\nkKXQd7t6MwdpWSBTWAyHQBePocGtQYlp8unqXr8CgYEA01rgNjHYolDHHsOMWnd4\n72YTL+ZQq2pgvTmrBxg8OBd3zovis7u5PPDOxdrtZZqQxS8aTPuBDnw55m8F/tuP\nRvOM/i3K7pCcOdqcSHLB6cpYLzf17EksKSd3qCtf+wvyN6pt1t6tMMjn61Mn40WU\ng7+ISErkmGASXTR/6p4DLGECgYEA+S8gM1ZXOaDbC6X8D2LPWEWyOrD5tioPou/B\n/sGRestoSD4Cgx6g2RN4pwmsDSaqsx5MesXPD+lkS6iwiMhwZ81tryj7CUdej+c1\n+YaNtSBHlzWfmWLn4VOW8l9V+Xozpw/mtfB/9ozbRU/HY1l0Z66o1OKi2k5lcdB8\nhDA3kTcCgYBH8YAoQp9iXBb+Jn+YlVIxCLnhOX78W/B6VTNWcej0CdO7u6DhGeQ2\naSoNzpWvj7hCyMHo+y6vjMOYLlFeKTSQl2az+tQfasPMNwJD7fQbbmVEP7wrUXpM\nefZfK5MhquMIvaIRj8R4X4I00KYRMuhtZ3zzuOLr4g9Wdo9Y+ogcNg==\n-----END RSA PRIVATE KEY-----\n",
            "content_base64": null,
            "content_base64sha256": "QloppxAD32iIopkB/Zuc7Ld9HtR/HVcYGrjP7vMjkGY=",
            "content_base64sha512": "lI69+8Ae10Tb4ic3ubPqvUd6dE2yOT2sCJmeeQ5X+63TcI9xcdEIKqPUpsd7bKira3Kx2e2PW/zyiFoww2o+kQ==",
            "content_md5": "6627cbca3e9bfe5d98b3a66ed1a31790",
            "content_sha1": "1a1b04db2c22230acaac6a927b119fee5023ecb3",
            "content_sha256": "425a29a71003df6888a29901fd9b9cecb77d1ed47f1d57181ab8cfeef3239066",
            "content_sha512": "948ebdfbc01ed744dbe22737b9b3eabd477a744db2393dac08999e790e57fbadd3708f7171d1082aa3d4a6c77b6ca8ab6b72b1d9ed8f5bfcf2885a30c36a3e91",
            "directory_permission": "0777",
            "file_permission": "0777",
            "filename": "MyAWSKey.pem",
            "id": "1a1b04db2c22230acaac6a927b119fee5023ecb3",
            "sensitive_content": null,
            "source": null
          },
          "sensitive_attributes": [
            [
              {
                "type": "get_attr",
                "value": "content"
              }
            ]
          ],
          "dependencies": [
            "tls_private_key.tls_key"
          ]
        }
      ]
    },
    {
      "mode": "managed",
      "type": "random_id",
      "name": "randomness",
      "provider": "provider[\"registry.terraform.io/hashicorp/random\"]",
      "instances": [
        {
          "schema_version": 0,
          "attributes": {
            "b64_std": "tw==",
            "b64_url": "tw",
            "byte_length": 1,
            "dec": "183",
            "hex": "b7",
            "id": "tw",
            "keepers": null,
            "prefix": null
          },
          "sensitive_attributes": []
        }
      ]
    },
    {
      "mode": "managed",
      "type": "tls_private_key",
      "name": "tls_key",
      "provider": "provider[\"registry.terraform.io/hashicorp/tls\"]",
      "instances": [
        {
          "schema_version": 1,
          "attributes": {
            "algorithm": "RSA",
            "ecdsa_curve": "P224",
            "id": "60511e04d47f7ecae922d29a29719484c8320060",
            "private_key_openssh": "-----BEGIN OPENSSH PRIVATE KEY-----\nb3BlbnNzaC1rZXktdjEAAAAABG5vbmUAAAAEbm9uZQAAAAAAAAABAAABFwAAAAdz\nc2gtcnNhAAAAAwEAAQAAAQEA74y+235E0HreEtTZ9ifRz4ZZ2qAIw2AJtpfhFb10\nVV62m+ek+F2JIUdInBxQAMWzzbzl53EFf3qZdpDVtiGi3J1ww2qeA0frCpWeTsld\nM63RO/IJS0qKHvy7ccwNnHsUmiyjd+Pzzxc6yiDMR5/Bo1ZDsLgeV0o7GzwpU9uR\nwr3R9pL4qLrWdLdw4Ycq1OIyhLfIQEUm5U6qQ3ofHNlMw9q7H7QcdSdPZIF5ktrf\nmfUJEU/Pn/qZBdhZV3ZuCrGS3eZ6RxNn1n2462XMRg7zWvBQJ7vFZzliJzM5cOgM\n02sMQXJbvEboqS6FDIs2nXhfzW5XLeFhrjNcD2ZYkEc23wAAA7gN3vg+Dd74PgAA\nAAdzc2gtcnNhAAABAQDvjL7bfkTQet4S1Nn2J9HPhlnaoAjDYAm2l+EVvXRVXrab\n56T4XYkhR0icHFAAxbPNvOXncQV/epl2kNW2IaLcnXDDap4DR+sKlZ5OyV0zrdE7\n8glLSooe/LtxzA2cexSaLKN34/PPFzrKIMxHn8GjVkOwuB5XSjsbPClT25HCvdH2\nkvioutZ0t3DhhyrU4jKEt8hARSblTqpDeh8c2UzD2rsftBx1J09kgXmS2t+Z9QkR\nT8+f+pkF2FlXdm4KsZLd5npHE2fWfbjrZcxGDvNa8FAnu8VnOWInMzlw6AzTawxB\nclu8RuipLoUMizadeF/Nblct4WGuM1wPZliQRzbfAAAAAwEAAQAAAQAqJd5y6i2b\nbPLj51WOTQVKeT4YDG5eSeiLmv98fsAYQTjqB4DsPjDhjRRGe2jMKfzv5xugdC9e\ndajIxsUDbbmlDYKIr5qrwxyk2Rxoil9+t0eIP5bJC41v1FH6vMdsT++ZDN+aOZ5t\nQo4SgGDQ/VfpsETqtAqKm0H5EcXHvmtQExTTq+D1ALrf3rsqtTUm3KKbN/0zinyd\nbfMFneoKGM6arfhqYQ/H2+n9ZJhZfZep9RuvFIUnbhpcCrKAn05KYV62b7ucPk1b\n9SoAZ72g4Yv1gR5jhtTMwYbOFBAop21NpAmd0tWLu7RIjFC2IXiZd5V6UvOXAUgR\nIB17CtRX+xrBAAAAgEfxgChCn2JcFv4mf5iVUjEIueE5fvxb8HpVM1Zx6PQJ07u7\noOEZ5DZpKg3Ola+PuELIwej7Lq+Mw5guUV4pNJCXZrP61B9qw8w3AkPt9BtuZUQ/\nvCtRekx59l8rkyGq4wi9ohGPxHhfgjTQphEy6G1nfPO44uviD1Z2j1j6iBw2AAAA\ngQDygyIbyfEFk9ZQqVzodIMabRPHcYu3kO+gGGtSM5pd82xICKWeQgG3EZKfoW0E\nzNJHF+Z9GfuElrAA1C5e2wvZKZanOBIXUD7LmGvC/IBLyIV2wIIa/Jmi7K5+IP9T\nOfjDpwL369TF3TIbClhw+LvSI92GASR1QLpwrpteujNP4QAAAIEA/N9u5Sdkg/BG\nAak6AL+puTsJvbn5K6mnsZLTqh8ynjED7UyHPaQXGeHfVqqhn8GvYw+KkwS8gO1p\n3v/gvNl4dJjLe60IsbFIL48xDLb1wnp7orUwu88e7JgTlwq9aWhllDNpkKXQd7t6\nMwdpWSBTWAyHQBePocGtQYlp8unqXr8AAAAAAQID\n-----END OPENSSH PRIVATE KEY-----\n",
            "private_key_pem": "-----BEGIN RSA PRIVATE KEY-----\nMIIEpAIBAAKCAQEA74y+235E0HreEtTZ9ifRz4ZZ2qAIw2AJtpfhFb10VV62m+ek\n+F2JIUdInBxQAMWzzbzl53EFf3qZdpDVtiGi3J1ww2qeA0frCpWeTsldM63RO/IJ\nS0qKHvy7ccwNnHsUmiyjd+Pzzxc6yiDMR5/Bo1ZDsLgeV0o7GzwpU9uRwr3R9pL4\nqLrWdLdw4Ycq1OIyhLfIQEUm5U6qQ3ofHNlMw9q7H7QcdSdPZIF5ktrfmfUJEU/P\nn/qZBdhZV3ZuCrGS3eZ6RxNn1n2462XMRg7zWvBQJ7vFZzliJzM5cOgM02sMQXJb\nvEboqS6FDIs2nXhfzW5XLeFhrjNcD2ZYkEc23wIDAQABAoIBACol3nLqLZts8uPn\nVY5NBUp5PhgMbl5J6Iua/3x+wBhBOOoHgOw+MOGNFEZ7aMwp/O/nG6B0L151qMjG\nxQNtuaUNgoivmqvDHKTZHGiKX363R4g/lskLjW/UUfq8x2xP75kM35o5nm1CjhKA\nYND9V+mwROq0CoqbQfkRxce+a1ATFNOr4PUAut/euyq1NSbcops3/TOKfJ1t8wWd\n6goYzpqt+GphD8fb6f1kmFl9l6n1G68UhSduGlwKsoCfTkphXrZvu5w+TVv1KgBn\nvaDhi/WBHmOG1MzBhs4UECinbU2kCZ3S1Yu7tEiMULYheJl3lXpS85cBSBEgHXsK\n1Ff7GsECgYEA8oMiG8nxBZPWUKlc6HSDGm0Tx3GLt5DvoBhrUjOaXfNsSAilnkIB\ntxGSn6FtBMzSRxfmfRn7hJawANQuXtsL2SmWpzgSF1A+y5hrwvyAS8iFdsCCGvyZ\nouyufiD/Uzn4w6cC9+vUxd0yGwpYcPi70iPdhgEkdUC6cK6bXrozT+ECgYEA/N9u\n5Sdkg/BGAak6AL+puTsJvbn5K6mnsZLTqh8ynjED7UyHPaQXGeHfVqqhn8GvYw+K\nkwS8gO1p3v/gvNl4dJjLe60IsbFIL48xDLb1wnp7orUwu88e7JgTlwq9aWhllDNp\nkKXQd7t6MwdpWSBTWAyHQBePocGtQYlp8unqXr8CgYEA01rgNjHYolDHHsOMWnd4\n72YTL+ZQq2pgvTmrBxg8OBd3zovis7u5PPDOxdrtZZqQxS8aTPuBDnw55m8F/tuP\nRvOM/i3K7pCcOdqcSHLB6cpYLzf17EksKSd3qCtf+wvyN6pt1t6tMMjn61Mn40WU\ng7+ISErkmGASXTR/6p4DLGECgYEA+S8gM1ZXOaDbC6X8D2LPWEWyOrD5tioPou/B\n/sGRestoSD4Cgx6g2RN4pwmsDSaqsx5MesXPD+lkS6iwiMhwZ81tryj7CUdej+c1\n+YaNtSBHlzWfmWLn4VOW8l9V+Xozpw/mtfB/9ozbRU/HY1l0Z66o1OKi2k5lcdB8\nhDA3kTcCgYBH8YAoQp9iXBb+Jn+YlVIxCLnhOX78W/B6VTNWcej0CdO7u6DhGeQ2\naSoNzpWvj7hCyMHo+y6vjMOYLlFeKTSQl2az+tQfasPMNwJD7fQbbmVEP7wrUXpM\nefZfK5MhquMIvaIRj8R4X4I00KYRMuhtZ3zzuOLr4g9Wdo9Y+ogcNg==\n-----END RSA PRIVATE KEY-----\n",
            "private_key_pem_pkcs8": "-----BEGIN PRIVATE KEY-----\nMIIEvgIBADANBgkqhkiG9w0BAQEFAASCBKgwggSkAgEAAoIBAQDvjL7bfkTQet4S\n1Nn2J9HPhlnaoAjDYAm2l+EVvXRVXrab56T4XYkhR0icHFAAxbPNvOXncQV/epl2\nkNW2IaLcnXDDap4DR+sKlZ5OyV0zrdE78glLSooe/LtxzA2cexSaLKN34/PPFzrK\nIMxHn8GjVkOwuB5XSjsbPClT25HCvdH2kvioutZ0t3DhhyrU4jKEt8hARSblTqpD\neh8c2UzD2rsftBx1J09kgXmS2t+Z9QkRT8+f+pkF2FlXdm4KsZLd5npHE2fWfbjr\nZcxGDvNa8FAnu8VnOWInMzlw6AzTawxBclu8RuipLoUMizadeF/Nblct4WGuM1wP\nZliQRzbfAgMBAAECggEAKiXecuotm2zy4+dVjk0FSnk+GAxuXknoi5r/fH7AGEE4\n6geA7D4w4Y0URntozCn87+cboHQvXnWoyMbFA225pQ2CiK+aq8McpNkcaIpffrdH\niD+WyQuNb9RR+rzHbE/vmQzfmjmebUKOEoBg0P1X6bBE6rQKiptB+RHFx75rUBMU\n06vg9QC63967KrU1Jtyimzf9M4p8nW3zBZ3qChjOmq34amEPx9vp/WSYWX2XqfUb\nrxSFJ24aXAqygJ9OSmFetm+7nD5NW/UqAGe9oOGL9YEeY4bUzMGGzhQQKKdtTaQJ\nndLVi7u0SIxQtiF4mXeVelLzlwFIESAdewrUV/sawQKBgQDygyIbyfEFk9ZQqVzo\ndIMabRPHcYu3kO+gGGtSM5pd82xICKWeQgG3EZKfoW0EzNJHF+Z9GfuElrAA1C5e\n2wvZKZanOBIXUD7LmGvC/IBLyIV2wIIa/Jmi7K5+IP9TOfjDpwL369TF3TIbClhw\n+LvSI92GASR1QLpwrpteujNP4QKBgQD8327lJ2SD8EYBqToAv6m5Owm9ufkrqaex\nktOqHzKeMQPtTIc9pBcZ4d9WqqGfwa9jD4qTBLyA7Wne/+C82Xh0mMt7rQixsUgv\njzEMtvXCenuitTC7zx7smBOXCr1paGWUM2mQpdB3u3ozB2lZIFNYDIdAF4+hwa1B\niWny6epevwKBgQDTWuA2MdiiUMcew4xad3jvZhMv5lCramC9OasHGDw4F3fOi+Kz\nu7k88M7F2u1lmpDFLxpM+4EOfDnmbwX+249G84z+LcrukJw52pxIcsHpylgvN/Xs\nSSwpJ3eoK1/7C/I3qm3W3q0wyOfrUyfjRZSDv4hISuSYYBJdNH/qngMsYQKBgQD5\nLyAzVlc5oNsLpfwPYs9YRbI6sPm2Kg+i78H+wZF6y2hIPgKDHqDZE3inCawNJqqz\nHkx6xc8P6WRLqLCIyHBnzW2vKPsJR16P5zX5ho21IEeXNZ+ZYufhU5byX1X5ejOn\nD+a18H/2jNtFT8djWXRnrqjU4qLaTmVx0HyEMDeRNwKBgEfxgChCn2JcFv4mf5iV\nUjEIueE5fvxb8HpVM1Zx6PQJ07u7oOEZ5DZpKg3Ola+PuELIwej7Lq+Mw5guUV4p\nNJCXZrP61B9qw8w3AkPt9BtuZUQ/vCtRekx59l8rkyGq4wi9ohGPxHhfgjTQphEy\n6G1nfPO44uviD1Z2j1j6iBw2\n-----END PRIVATE KEY-----\n",
            "public_key_fingerprint_md5": "4f:8a:b3:7d:6e:71:b7:fa:73:03:39:c2:99:e6:55:ae",
            "public_key_fingerprint_sha256": "SHA256:jeQVwalkNzkSZ2ykWjI7utl/IBZCEkWl2Cr48r471Ac",
            "public_key_openssh": "ssh-rsa AAAAB3NzaC1yc2EAAAADAQABAAABAQDvjL7bfkTQet4S1Nn2J9HPhlnaoAjDYAm2l+EVvXRVXrab56T4XYkhR0icHFAAxbPNvOXncQV/epl2kNW2IaLcnXDDap4DR+sKlZ5OyV0zrdE78glLSooe/LtxzA2cexSaLKN34/PPFzrKIMxHn8GjVkOwuB5XSjsbPClT25HCvdH2kvioutZ0t3DhhyrU4jKEt8hARSblTqpDeh8c2UzD2rsftBx1J09kgXmS2t+Z9QkRT8+f+pkF2FlXdm4KsZLd5npHE2fWfbjrZcxGDvNa8FAnu8VnOWInMzlw6AzTawxBclu8RuipLoUMizadeF/Nblct4WGuM1wPZliQRzbf\n",
            "public_key_pem": "-----BEGIN PUBLIC KEY-----\nMIIBIjANBgkqhkiG9w0BAQEFAAOCAQ8AMIIBCgKCAQEA74y+235E0HreEtTZ9ifR\nz4ZZ2qAIw2AJtpfhFb10VV62m+ek+F2JIUdInBxQAMWzzbzl53EFf3qZdpDVtiGi\n3J1ww2qeA0frCpWeTsldM63RO/IJS0qKHvy7ccwNnHsUmiyjd+Pzzxc6yiDMR5/B\no1ZDsLgeV0o7GzwpU9uRwr3R9pL4qLrWdLdw4Ycq1OIyhLfIQEUm5U6qQ3ofHNlM\nw9q7H7QcdSdPZIF5ktrfmfUJEU/Pn/qZBdhZV3ZuCrGS3eZ6RxNn1n2462XMRg7z\nWvBQJ7vFZzliJzM5cOgM02sMQXJbvEboqS6FDIs2nXhfzW5XLeFhrjNcD2ZYkEc2\n3wIDAQAB\n-----END PUBLIC KEY-----\n",
            "rsa_bits": 2048
          },
          "sensitive_attributes": []
        }
      ]
    }
  ],
  "check_results": []
}
